{
	"name": "eaas",
	"lockfileVersion": 3,
	"requires": true,
	"packages": {
		"": {
			"license": "AGPL-3.0-only",
			"devDependencies": {
				"@demosjarco/prettier-config": "^1.0.1",
				"prettier": "^3.3.2",
				"typescript": "^5.4.5"
			}
		},
		"node_modules/@demosjarco/prettier-config": {
			"version": "1.0.1",
			"resolved": "https://registry.npmjs.org/@demosjarco/prettier-config/-/prettier-config-1.0.1.tgz",
			"integrity": "sha512-DWXTrg7IBtLvYxjnpe/8s3FG5c9psKnRbWRlOrVblsH2+2H43/6uY/01ls7Pk5khv4Frv6t+fjU1+wgXgy7K+w==",
			"dev": true
		},
		"node_modules/prettier": {
			"version": "3.3.2",
			"resolved": "https://registry.npmjs.org/prettier/-/prettier-3.3.2.tgz",
			"integrity": "sha512-rAVeHYMcv8ATV5d508CFdn+8/pHPpXeIid1DdrPwXnaAdH7cqjVbpJaT5eq4yRAFU/lsbwYwSF/n5iNrdJHPQA==",
			"dev": true,
			"bin": {
				"prettier": "bin/prettier.cjs"
			},
			"engines": {
				"node": ">=14"
			},
			"funding": {
				"url": "https://github.com/prettier/prettier?sponsor=1"
			}
		},
		"node_modules/typescript": {
			"version": "5.4.5",
			"resolved": "https://registry.npmjs.org/typescript/-/typescript-5.4.5.tgz",
			"integrity": "sha512-vcI4UpRgg81oIRUFwR0WSIHKt11nJ7SAVlYNIu+QpqeyXP+gpQJy/Z4+F0aGxSE4MqwjyXvW/TzgkLAx2AGHwQ==",
			"dev": true,
			"bin": {
				"tsc": "bin/tsc",
				"tsserver": "bin/tsserver"
			},
			"engines": {
				"node": ">=14.17"
			}
		}
	}
}
